
Microsoft Visual Studio Solution File, Format Version 12.00
Project("{FAE04EC0-301F-11D3-BF4B-00C04F79EFBC}") = "Application", "Application\Application.csproj", "{19197B5B-3649-4D5B-8D03-D8F4AB777ADC}"
EndProject
Global
	GlobalSection(SolutionConfigurationPlatforms) = preSolution
		Debug|Any CPU = Debug|Any CPU
		Release|Any CPU = Release|Any CPU
	EndGlobalSection
	GlobalSection(ProjectConfigurationPlatforms) = postSolution
		{19197B5B-3649-4D5B-8D03-D8F4AB777ADC}.Debug|Any CPU.ActiveCfg = Debug|Any CPU
		{19197B5B-3649-4D5B-8D03-D8F4AB777ADC}.Debug|Any CPU.Build.0 = Debug|Any CPU
		{19197B5B-3649-4D5B-8D03-D8F4AB777ADC}.Release|Any CPU.ActiveCfg = Release|Any CPU
		{19197B5B-3649-4D5B-8D03-D8F4AB777ADC}.Release|Any CPU.Build.0 = Release|Any CPU
	EndGlobalSection
EndGlobal
